
Microsoft Visual Studio Solution File, Format Version 12.00
# Visual Studio Version 17
VisualStudioVersion = 17.5.33516.290
MinimumVisualStudioVersion = 10.0.40219.1
Project("{FAE04EC0-301F-11D3-BF4B-00C04F79EFBC}") = "buton_yakalama", "buton_yakalama\buton_yakalama.csproj", "{8D5411A8-CA8A-45F1-8838-63A2E5B87838}"
EndProject
Global
	GlobalSection(SolutionConfigurationPlatforms) = preSolution
		Debug|Any CPU = Debug|Any CPU
		Release|Any CPU = Release|Any CPU
	EndGlobalSection
	GlobalSection(ProjectConfigurationPlatforms) = postSolution
		{8D5411A8-CA8A-45F1-8838-63A2E5B87838}.Debug|Any CPU.ActiveCfg = Debug|Any CPU
		{8D5411A8-CA8A-45F1-8838-63A2E5B87838}.Debug|Any CPU.Build.0 = Debug|Any CPU
		{8D5411A8-CA8A-45F1-8838-63A2E5B87838}.Release|Any CPU.ActiveCfg = Release|Any CPU
		{8D5411A8-CA8A-45F1-8838-63A2E5B87838}.Release|Any CPU.Build.0 = Release|Any CPU
	EndGlobalSection
	GlobalSection(SolutionProperties) = preSolution
		HideSolutionNode = FALSE
	EndGlobalSection
	GlobalSection(ExtensibilityGlobals) = postSolution
		SolutionGuid = {DCF6424D-37EA-40A6-A44C-E730B946FD4C}
	EndGlobalSection
EndGlobal
