
Microsoft Visual Studio Solution File, Format Version 12.00
# Visual Studio Version 17
VisualStudioVersion = 17.5.33516.290
MinimumVisualStudioVersion = 10.0.40219.1
Project("{FAE04EC0-301F-11D3-BF4B-00C04F79EFBC}") = "WindowsFormsApp1", "WindowsFormsApp1\WindowsFormsApp1.csproj", "{3969BF9A-9EB9-408D-BF51-FB4E5B507E2D}"
EndProject
Global
	GlobalSection(SolutionConfigurationPlatforms) = preSolution
		Debug|Any CPU = Debug|Any CPU
		Release|Any CPU = Release|Any CPU
	EndGlobalSection
	GlobalSection(ProjectConfigurationPlatforms) = postSolution
		{3969BF9A-9EB9-408D-BF51-FB4E5B507E2D}.Debug|Any CPU.ActiveCfg = Debug|Any CPU
		{3969BF9A-9EB9-408D-BF51-FB4E5B507E2D}.Debug|Any CPU.Build.0 = Debug|Any CPU
		{3969BF9A-9EB9-408D-BF51-FB4E5B507E2D}.Release|Any CPU.ActiveCfg = Release|Any CPU
		{3969BF9A-9EB9-408D-BF51-FB4E5B507E2D}.Release|Any CPU.Build.0 = Release|Any CPU
	EndGlobalSection
	GlobalSection(SolutionProperties) = preSolution
		HideSolutionNode = FALSE
	EndGlobalSection
	GlobalSection(ExtensibilityGlobals) = postSolution
		SolutionGuid = {6B5FAE93-DCED-446F-8209-117C95ED79A8}
	EndGlobalSection
EndGlobal
